Microsoft Visual Studio Solution File, Format Version 8.00
Project("{8BC9CEB8-8B4A-11D0-8D11-00A0C91BC942}") = "adns", "lib\adnswin32\adns.vcproj", "{C41CD6E3-30A4-4BB9-BA51-F97B2CD77D56}"
	ProjectSection(ProjectDependencies) = postProject
	EndProjectSection
EndProject
Project("{8BC9CEB8-8B4A-11D0-8D11-00A0C91BC942}") = "curl", "lib\curl\curl.vcproj", "{F9973FED-1759-4B07-ACD0-B949A9F73F29}"
	ProjectSection(ProjectDependencies) = postProject
	EndProjectSection
EndProject
Project("{8BC9CEB8-8B4A-11D0-8D11-00A0C91BC942}") = "keeper", "lib\keeper\keeper.vcproj", "{32EDB50C-1E48-42A6-863C-2D0E5DADD427}"
	ProjectSection(ProjectDependencies) = postProject
	EndProjectSection
EndProject
Project("{8BC9CEB8-8B4A-11D0-8D11-00A0C91BC942}") = "pcre", "lib\pcre\pcre.vcproj", "{934FCDE5-D077-4619-B79C-A62580EA1E4A}"
	ProjectSection(ProjectDependencies) = postProject
	EndProjectSection
EndProject
Global
	GlobalSection(SolutionConfiguration) = preSolution
		Debug = Debug
		Release = Release
	EndGlobalSection
	GlobalSection(ProjectConfiguration) = postSolution
		{C41CD6E3-30A4-4BB9-BA51-F97B2CD77D56}.Debug.ActiveCfg = Debug|Win32
		{C41CD6E3-30A4-4BB9-BA51-F97B2CD77D56}.Debug.Build.0 = Debug|Win32
		{C41CD6E3-30A4-4BB9-BA51-F97B2CD77D56}.Release.ActiveCfg = Release|Win32
		{C41CD6E3-30A4-4BB9-BA51-F97B2CD77D56}.Release.Build.0 = Release|Win32
		{F9973FED-1759-4B07-ACD0-B949A9F73F29}.Debug.ActiveCfg = Debug|Win32
		{F9973FED-1759-4B07-ACD0-B949A9F73F29}.Debug.Build.0 = Debug|Win32
		{F9973FED-1759-4B07-ACD0-B949A9F73F29}.Release.ActiveCfg = Release|Win32
		{F9973FED-1759-4B07-ACD0-B949A9F73F29}.Release.Build.0 = Release|Win32
		{32EDB50C-1E48-42A6-863C-2D0E5DADD427}.Debug.ActiveCfg = Debug|Win32
		{32EDB50C-1E48-42A6-863C-2D0E5DADD427}.Debug.Build.0 = Debug|Win32
		{32EDB50C-1E48-42A6-863C-2D0E5DADD427}.Release.ActiveCfg = Release|Win32
		{32EDB50C-1E48-42A6-863C-2D0E5DADD427}.Release.Build.0 = Release|Win32
		{934FCDE5-D077-4619-B79C-A62580EA1E4A}.Debug.ActiveCfg = Debug|Win32
		{934FCDE5-D077-4619-B79C-A62580EA1E4A}.Debug.Build.0 = Debug|Win32
		{934FCDE5-D077-4619-B79C-A62580EA1E4A}.Release.ActiveCfg = Release|Win32
		{934FCDE5-D077-4619-B79C-A62580EA1E4A}.Release.Build.0 = Release|Win32
	EndGlobalSection
	GlobalSection(ExtensibilityGlobals) = postSolution
	EndGlobalSection
	GlobalSection(ExtensibilityAddIns) = postSolution
	EndGlobalSection
EndGlobal
