Microsoft Visual Studio Solution File, Format Version 9.00
# Visual Studio 2005
Project("{8BC9CEB8-8B4A-11D0-8D11-00A0C91BC942}") = "connectserv", "modules\connectserv\connectserv.vcproj", "{E033ECCE-E55E-43BC-89E7-ABE8AA46CE1F}"
	ProjectSection(ProjectDependencies) = postProject
		{02AF1A66-8B8D-4BC3-AC09-0C0B339614F3} = {02AF1A66-8B8D-4BC3-AC09-0C0B339614F3}
	EndProjectSection
EndProject
Project("{8BC9CEB8-8B4A-11D0-8D11-00A0C91BC942}") = "client", "modules\protocol\client.vcproj", "{B6701C0A-27E3-468D-8473-FBE671989E33}"
	ProjectSection(ProjectDependencies) = postProject
		{02AF1A66-8B8D-4BC3-AC09-0C0B339614F3} = {02AF1A66-8B8D-4BC3-AC09-0C0B339614F3}
	EndProjectSection
EndProject
Project("{8BC9CEB8-8B4A-11D0-8D11-00A0C91BC942}") = "hybrid7", "modules\protocol\hybrid7.vcproj", "{436501E0-9F10-4573-87C4-CE2FA656E28A}"
	ProjectSection(ProjectDependencies) = postProject
		{02AF1A66-8B8D-4BC3-AC09-0C0B339614F3} = {02AF1A66-8B8D-4BC3-AC09-0C0B339614F3}
	EndProjectSection
EndProject
Project("{8BC9CEB8-8B4A-11D0-8D11-00A0C91BC942}") = "ircup10", "modules\protocol\ircup10.vcproj", "{789E3BB2-CD4A-4A89-BF57-C8D07726D61A}"
	ProjectSection(ProjectDependencies) = postProject
		{02AF1A66-8B8D-4BC3-AC09-0C0B339614F3} = {02AF1A66-8B8D-4BC3-AC09-0C0B339614F3}
	EndProjectSection
EndProject
Project("{8BC9CEB8-8B4A-11D0-8D11-00A0C91BC942}") = "ultimate2", "modules\protocol\ultimate2.vcproj", "{F9FA22C1-731E-4A3C-8B3B-F1710B835057}"
	ProjectSection(ProjectDependencies) = postProject
		{02AF1A66-8B8D-4BC3-AC09-0C0B339614F3} = {02AF1A66-8B8D-4BC3-AC09-0C0B339614F3}
	EndProjectSection
EndProject
Project("{8BC9CEB8-8B4A-11D0-8D11-00A0C91BC942}") = "ultimate3", "modules\protocol\ultimate3.vcproj", "{CF1B2180-6E9B-467A-A83D-AB63928E8FD8}"
	ProjectSection(ProjectDependencies) = postProject
		{02AF1A66-8B8D-4BC3-AC09-0C0B339614F3} = {02AF1A66-8B8D-4BC3-AC09-0C0B339614F3}
	EndProjectSection
EndProject
Project("{8BC9CEB8-8B4A-11D0-8D11-00A0C91BC942}") = "unreal31", "modules\protocol\unreal31.vcproj", "{9F1E9324-F4BF-4F1F-B726-387CDE392E7B}"
	ProjectSection(ProjectDependencies) = postProject
		{02AF1A66-8B8D-4BC3-AC09-0C0B339614F3} = {02AF1A66-8B8D-4BC3-AC09-0C0B339614F3}
	EndProjectSection
EndProject
Project("{8BC9CEB8-8B4A-11D0-8D11-00A0C91BC942}") = "unreal32", "modules\protocol\unreal32.vcproj", "{214BFDAD-71FC-45A5-8304-B60C1BECAF2D}"
	ProjectSection(ProjectDependencies) = postProject
		{02AF1A66-8B8D-4BC3-AC09-0C0B339614F3} = {02AF1A66-8B8D-4BC3-AC09-0C0B339614F3}
	EndProjectSection
EndProject
Project("{8BC9CEB8-8B4A-11D0-8D11-00A0C91BC942}") = "extauth", "modules\extauth\extauth.vcproj", "{FE700C44-B03E-4C62-B2BA-0F3392AD6A46}"
	ProjectSection(ProjectDependencies) = postProject
		{02AF1A66-8B8D-4BC3-AC09-0C0B339614F3} = {02AF1A66-8B8D-4BC3-AC09-0C0B339614F3}
	EndProjectSection
EndProject
Project("{8BC9CEB8-8B4A-11D0-8D11-00A0C91BC942}") = "hostserv", "modules\hostserv\hostserv.vcproj", "{7EA316E9-629A-47BC-8BE8-EA7167FEE441}"
	ProjectSection(ProjectDependencies) = postProject
		{02AF1A66-8B8D-4BC3-AC09-0C0B339614F3} = {02AF1A66-8B8D-4BC3-AC09-0C0B339614F3}
	EndProjectSection
EndProject
Project("{8BC9CEB8-8B4A-11D0-8D11-00A0C91BC942}") = "ircdauth", "modules\ircdauth\ircdauth.vcproj", "{4150DD6A-504E-40BB-830C-DE9D03BC9D6B}"
	ProjectSection(ProjectDependencies) = postProject
		{02AF1A66-8B8D-4BC3-AC09-0C0B339614F3} = {02AF1A66-8B8D-4BC3-AC09-0C0B339614F3}
	EndProjectSection
EndProject
Project("{8BC9CEB8-8B4A-11D0-8D11-00A0C91BC942}") = "statserv", "modules\statserv\statserv.vcproj", "{46CEA1C0-DA36-4E6A-B9B6-6799FC1407E3}"
	ProjectSection(ProjectDependencies) = postProject
		{02AF1A66-8B8D-4BC3-AC09-0C0B339614F3} = {02AF1A66-8B8D-4BC3-AC09-0C0B339614F3}
	EndProjectSection
EndProject
Project("{8BC9CEB8-8B4A-11D0-8D11-00A0C91BC942}") = "template", "modules\template\template.vcproj", "{FCB338D7-962F-4924-9A9A-03C40BCCC93D}"
EndProject
Project("{8BC9CEB8-8B4A-11D0-8D11-00A0C91BC942}") = "templateauth", "modules\templateauth\templateauth.vcproj", "{03D7791F-FBC5-43ED-AAAE-B196013C37C3}"
EndProject
Project("{8BC9CEB8-8B4A-11D0-8D11-00A0C91BC942}") = "textserv", "modules\textserv\textserv.vcproj", "{5E3A1DF8-46AF-485A-BAB2-3DC78C922F8F}"
EndProject
Project("{8BC9CEB8-8B4A-11D0-8D11-00A0C91BC942}") = "operlog", "modules\operlog\operlog.vcproj", "{B14C1233-1DA0-4DBF-9ECB-7B17C934D833}"
EndProject
Project("{8BC9CEB8-8B4A-11D0-8D11-00A0C91BC942}") = "bahamut18", "modules\protocol\bahamut18.vcproj", "{93952A8D-5197-4211-A01A-71392EB50896}"
EndProject
Project("{8BC9CEB8-8B4A-11D0-8D11-00A0C91BC942}") = "plexus", "modules\protocol\plexus.vcproj", "{F5EFCE67-6E5D-40D7-BA24-CCF512DFBE26}"
EndProject
Project("{8BC9CEB8-8B4A-11D0-8D11-00A0C91BC942}") = "bahamut14", "modules\protocol\bahamut14.vcproj", "{C6C48B3A-2641-40AB-8266-9FE84B3F73EE}"
EndProject
Project("{8BC9CEB8-8B4A-11D0-8D11-00A0C91BC942}") = "gdbm", "modules\dbm\gdbm\gdbm.vcproj", "{A0FFDA31-64A0-435E-A122-644B7B5E89E5}"
EndProject
Project("{8BC9CEB8-8B4A-11D0-8D11-00A0C91BC942}") = "asuka", "modules\protocol\asuka.vcproj", "{F8E06228-0FB7-4E71-94A8-1D0B3A4546D8}"
EndProject
Project("{8BC9CEB8-8B4A-11D0-8D11-00A0C91BC942}") = "nefarious", "modules\protocol\nefarious.vcproj", "{B528FE8F-C73A-41D1-AA0E-0461945DD6B2}"
EndProject
Project("{8BC9CEB8-8B4A-11D0-8D11-00A0C91BC942}") = "hybrid6", "modules\protocol\hybrid6.vcproj", "{E346A5D6-4E8E-4E31-B444-A699E2E149A0}"
EndProject
Project("{8BC9CEB8-8B4A-11D0-8D11-00A0C91BC942}") = "dccpartyline", "modules\dccpartyline\dccpartyline.vcproj", "{04F3F501-4AD0-4156-9261-FBEE4D2F45D8}"
EndProject
Project("{8BC9CEB8-8B4A-11D0-8D11-00A0C91BC942}") = "quoteserv", "modules\quoteserv\quoteserv.vcproj", "{AB05F558-B30F-4F37-8EF2-D335AA29D082}"
EndProject
Project("{8BC9CEB8-8B4A-11D0-8D11-00A0C91BC942}") = "limitserv", "modules\limitserv\limitserv.vcproj", "{83B3909C-59BE-401E-92D8-8A358C590E53}"
EndProject
Project("{8BC9CEB8-8B4A-11D0-8D11-00A0C91BC942}") = "neostats", "src\neostats.vcproj", "{02AF1A66-8B8D-4BC3-AC09-0C0B339614F3}"
EndProject
Project("{2150E333-8FDC-42A3-9474-1A3956D46DE8}") = "protocol", "protocol", "{3F7B09E6-AF66-4309-B523-593A6BF95494}"
EndProject
Project("{2150E333-8FDC-42A3-9474-1A3956D46DE8}") = "modules", "modules", "{D6959A3F-527C-4D57-9B22-4F9827DD72DD}"
EndProject
Project("{2150E333-8FDC-42A3-9474-1A3956D46DE8}") = "dbm", "dbm", "{F258FB36-4162-456B-89F0-46A44FF24452}"
EndProject
Global
	GlobalSection(SolutionConfigurationPlatforms) = preSolution
		Debug|Win32 = Debug|Win32
		Perl-Debug|Win32 = Perl-Debug|Win32
		Perl-Release|Win32 = Perl-Release|Win32
		Release|Win32 = Release|Win32
	EndGlobalSection
	GlobalSection(ProjectConfigurationPlatforms) = postSolution
		{E033ECCE-E55E-43BC-89E7-ABE8AA46CE1F}.Debug|Win32.ActiveCfg = Debug|Win32
		{E033ECCE-E55E-43BC-89E7-ABE8AA46CE1F}.Debug|Win32.Build.0 = Debug|Win32
		{E033ECCE-E55E-43BC-89E7-ABE8AA46CE1F}.Perl-Debug|Win32.ActiveCfg = Perl-Debug|Win32
		{E033ECCE-E55E-43BC-89E7-ABE8AA46CE1F}.Perl-Debug|Win32.Build.0 = Perl-Debug|Win32
		{E033ECCE-E55E-43BC-89E7-ABE8AA46CE1F}.Perl-Release|Win32.ActiveCfg = Perl-Release|Win32
		{E033ECCE-E55E-43BC-89E7-ABE8AA46CE1F}.Perl-Release|Win32.Build.0 = Perl-Release|Win32
		{E033ECCE-E55E-43BC-89E7-ABE8AA46CE1F}.Release|Win32.ActiveCfg = Release|Win32
		{E033ECCE-E55E-43BC-89E7-ABE8AA46CE1F}.Release|Win32.Build.0 = Release|Win32
		{B6701C0A-27E3-468D-8473-FBE671989E33}.Debug|Win32.ActiveCfg = Debug|Win32
		{B6701C0A-27E3-468D-8473-FBE671989E33}.Debug|Win32.Build.0 = Debug|Win32
		{B6701C0A-27E3-468D-8473-FBE671989E33}.Perl-Debug|Win32.ActiveCfg = Perl-Debug|Win32
		{B6701C0A-27E3-468D-8473-FBE671989E33}.Perl-Debug|Win32.Build.0 = Perl-Debug|Win32
		{B6701C0A-27E3-468D-8473-FBE671989E33}.Perl-Release|Win32.ActiveCfg = Perl-Release|Win32
		{B6701C0A-27E3-468D-8473-FBE671989E33}.Perl-Release|Win32.Build.0 = Perl-Release|Win32
		{B6701C0A-27E3-468D-8473-FBE671989E33}.Release|Win32.ActiveCfg = Release|Win32
		{B6701C0A-27E3-468D-8473-FBE671989E33}.Release|Win32.Build.0 = Release|Win32
		{436501E0-9F10-4573-87C4-CE2FA656E28A}.Debug|Win32.ActiveCfg = Debug|Win32
		{436501E0-9F10-4573-87C4-CE2FA656E28A}.Debug|Win32.Build.0 = Debug|Win32
		{436501E0-9F10-4573-87C4-CE2FA656E28A}.Perl-Debug|Win32.ActiveCfg = Perl-Debug|Win32
		{436501E0-9F10-4573-87C4-CE2FA656E28A}.Perl-Debug|Win32.Build.0 = Perl-Debug|Win32
		{436501E0-9F10-4573-87C4-CE2FA656E28A}.Perl-Release|Win32.ActiveCfg = Perl-Release|Win32
		{436501E0-9F10-4573-87C4-CE2FA656E28A}.Perl-Release|Win32.Build.0 = Perl-Release|Win32
		{436501E0-9F10-4573-87C4-CE2FA656E28A}.Release|Win32.ActiveCfg = Release|Win32
		{436501E0-9F10-4573-87C4-CE2FA656E28A}.Release|Win32.Build.0 = Release|Win32
		{789E3BB2-CD4A-4A89-BF57-C8D07726D61A}.Debug|Win32.ActiveCfg = Debug|Win32
		{789E3BB2-CD4A-4A89-BF57-C8D07726D61A}.Debug|Win32.Build.0 = Debug|Win32
		{789E3BB2-CD4A-4A89-BF57-C8D07726D61A}.Perl-Debug|Win32.ActiveCfg = Perl-Debug|Win32
		{789E3BB2-CD4A-4A89-BF57-C8D07726D61A}.Perl-Debug|Win32.Build.0 = Perl-Debug|Win32
		{789E3BB2-CD4A-4A89-BF57-C8D07726D61A}.Perl-Release|Win32.ActiveCfg = Perl-Release|Win32
		{789E3BB2-CD4A-4A89-BF57-C8D07726D61A}.Perl-Release|Win32.Build.0 = Perl-Release|Win32
		{789E3BB2-CD4A-4A89-BF57-C8D07726D61A}.Release|Win32.ActiveCfg = Release|Win32
		{789E3BB2-CD4A-4A89-BF57-C8D07726D61A}.Release|Win32.Build.0 = Release|Win32
		{F9FA22C1-731E-4A3C-8B3B-F1710B835057}.Debug|Win32.ActiveCfg = Debug|Win32
		{F9FA22C1-731E-4A3C-8B3B-F1710B835057}.Debug|Win32.Build.0 = Debug|Win32
		{F9FA22C1-731E-4A3C-8B3B-F1710B835057}.Perl-Debug|Win32.ActiveCfg = Perl-Debug|Win32
		{F9FA22C1-731E-4A3C-8B3B-F1710B835057}.Perl-Debug|Win32.Build.0 = Perl-Debug|Win32
		{F9FA22C1-731E-4A3C-8B3B-F1710B835057}.Perl-Release|Win32.ActiveCfg = Perl-Release|Win32
		{F9FA22C1-731E-4A3C-8B3B-F1710B835057}.Perl-Release|Win32.Build.0 = Perl-Release|Win32
		{F9FA22C1-731E-4A3C-8B3B-F1710B835057}.Release|Win32.ActiveCfg = Release|Win32
		{F9FA22C1-731E-4A3C-8B3B-F1710B835057}.Release|Win32.Build.0 = Release|Win32
		{CF1B2180-6E9B-467A-A83D-AB63928E8FD8}.Debug|Win32.ActiveCfg = Debug|Win32
		{CF1B2180-6E9B-467A-A83D-AB63928E8FD8}.Debug|Win32.Build.0 = Debug|Win32
		{CF1B2180-6E9B-467A-A83D-AB63928E8FD8}.Perl-Debug|Win32.ActiveCfg = Perl-Debug|Win32
		{CF1B2180-6E9B-467A-A83D-AB63928E8FD8}.Perl-Debug|Win32.Build.0 = Perl-Debug|Win32
		{CF1B2180-6E9B-467A-A83D-AB63928E8FD8}.Perl-Release|Win32.ActiveCfg = Perl-Release|Win32
		{CF1B2180-6E9B-467A-A83D-AB63928E8FD8}.Perl-Release|Win32.Build.0 = Perl-Release|Win32
		{CF1B2180-6E9B-467A-A83D-AB63928E8FD8}.Release|Win32.ActiveCfg = Release|Win32
		{CF1B2180-6E9B-467A-A83D-AB63928E8FD8}.Release|Win32.Build.0 = Release|Win32
		{9F1E9324-F4BF-4F1F-B726-387CDE392E7B}.Debug|Win32.ActiveCfg = Debug|Win32
		{9F1E9324-F4BF-4F1F-B726-387CDE392E7B}.Debug|Win32.Build.0 = Debug|Win32
		{9F1E9324-F4BF-4F1F-B726-387CDE392E7B}.Perl-Debug|Win32.ActiveCfg = Perl-Debug|Win32
		{9F1E9324-F4BF-4F1F-B726-387CDE392E7B}.Perl-Debug|Win32.Build.0 = Perl-Debug|Win32
		{9F1E9324-F4BF-4F1F-B726-387CDE392E7B}.Perl-Release|Win32.ActiveCfg = Perl-Release|Win32
		{9F1E9324-F4BF-4F1F-B726-387CDE392E7B}.Perl-Release|Win32.Build.0 = Perl-Release|Win32
		{9F1E9324-F4BF-4F1F-B726-387CDE392E7B}.Release|Win32.ActiveCfg = Release|Win32
		{9F1E9324-F4BF-4F1F-B726-387CDE392E7B}.Release|Win32.Build.0 = Release|Win32
		{214BFDAD-71FC-45A5-8304-B60C1BECAF2D}.Debug|Win32.ActiveCfg = Debug|Win32
		{214BFDAD-71FC-45A5-8304-B60C1BECAF2D}.Debug|Win32.Build.0 = Debug|Win32
		{214BFDAD-71FC-45A5-8304-B60C1BECAF2D}.Perl-Debug|Win32.ActiveCfg = Perl-Debug|Win32
		{214BFDAD-71FC-45A5-8304-B60C1BECAF2D}.Perl-Debug|Win32.Build.0 = Perl-Debug|Win32
		{214BFDAD-71FC-45A5-8304-B60C1BECAF2D}.Perl-Release|Win32.ActiveCfg = Perl-Release|Win32
		{214BFDAD-71FC-45A5-8304-B60C1BECAF2D}.Perl-Release|Win32.Build.0 = Perl-Release|Win32
		{214BFDAD-71FC-45A5-8304-B60C1BECAF2D}.Release|Win32.ActiveCfg = Release|Win32
		{214BFDAD-71FC-45A5-8304-B60C1BECAF2D}.Release|Win32.Build.0 = Release|Win32
		{FE700C44-B03E-4C62-B2BA-0F3392AD6A46}.Debug|Win32.ActiveCfg = Debug|Win32
		{FE700C44-B03E-4C62-B2BA-0F3392AD6A46}.Debug|Win32.Build.0 = Debug|Win32
		{FE700C44-B03E-4C62-B2BA-0F3392AD6A46}.Perl-Debug|Win32.ActiveCfg = Perl-Debug|Win32
		{FE700C44-B03E-4C62-B2BA-0F3392AD6A46}.Perl-Debug|Win32.Build.0 = Perl-Debug|Win32
		{FE700C44-B03E-4C62-B2BA-0F3392AD6A46}.Perl-Release|Win32.ActiveCfg = Perl-Release|Win32
		{FE700C44-B03E-4C62-B2BA-0F3392AD6A46}.Perl-Release|Win32.Build.0 = Perl-Release|Win32
		{FE700C44-B03E-4C62-B2BA-0F3392AD6A46}.Release|Win32.ActiveCfg = Release|Win32
		{FE700C44-B03E-4C62-B2BA-0F3392AD6A46}.Release|Win32.Build.0 = Release|Win32
		{7EA316E9-629A-47BC-8BE8-EA7167FEE441}.Debug|Win32.ActiveCfg = Debug|Win32
		{7EA316E9-629A-47BC-8BE8-EA7167FEE441}.Debug|Win32.Build.0 = Debug|Win32
		{7EA316E9-629A-47BC-8BE8-EA7167FEE441}.Perl-Debug|Win32.ActiveCfg = Perl-Debug|Win32
		{7EA316E9-629A-47BC-8BE8-EA7167FEE441}.Perl-Debug|Win32.Build.0 = Perl-Debug|Win32
		{7EA316E9-629A-47BC-8BE8-EA7167FEE441}.Perl-Release|Win32.ActiveCfg = Perl-Release|Win32
		{7EA316E9-629A-47BC-8BE8-EA7167FEE441}.Perl-Release|Win32.Build.0 = Perl-Release|Win32
		{7EA316E9-629A-47BC-8BE8-EA7167FEE441}.Release|Win32.ActiveCfg = Release|Win32
		{7EA316E9-629A-47BC-8BE8-EA7167FEE441}.Release|Win32.Build.0 = Release|Win32
		{4150DD6A-504E-40BB-830C-DE9D03BC9D6B}.Debug|Win32.ActiveCfg = Debug|Win32
		{4150DD6A-504E-40BB-830C-DE9D03BC9D6B}.Debug|Win32.Build.0 = Debug|Win32
		{4150DD6A-504E-40BB-830C-DE9D03BC9D6B}.Perl-Debug|Win32.ActiveCfg = Perl-Debug|Win32
		{4150DD6A-504E-40BB-830C-DE9D03BC9D6B}.Perl-Debug|Win32.Build.0 = Perl-Debug|Win32
		{4150DD6A-504E-40BB-830C-DE9D03BC9D6B}.Perl-Release|Win32.ActiveCfg = Perl-Release|Win32
		{4150DD6A-504E-40BB-830C-DE9D03BC9D6B}.Perl-Release|Win32.Build.0 = Perl-Release|Win32
		{4150DD6A-504E-40BB-830C-DE9D03BC9D6B}.Release|Win32.ActiveCfg = Release|Win32
		{4150DD6A-504E-40BB-830C-DE9D03BC9D6B}.Release|Win32.Build.0 = Release|Win32
		{46CEA1C0-DA36-4E6A-B9B6-6799FC1407E3}.Debug|Win32.ActiveCfg = Debug|Win32
		{46CEA1C0-DA36-4E6A-B9B6-6799FC1407E3}.Debug|Win32.Build.0 = Debug|Win32
		{46CEA1C0-DA36-4E6A-B9B6-6799FC1407E3}.Perl-Debug|Win32.ActiveCfg = Perl-Debug|Win32
		{46CEA1C0-DA36-4E6A-B9B6-6799FC1407E3}.Perl-Debug|Win32.Build.0 = Perl-Debug|Win32
		{46CEA1C0-DA36-4E6A-B9B6-6799FC1407E3}.Perl-Release|Win32.ActiveCfg = Perl-Release|Win32
		{46CEA1C0-DA36-4E6A-B9B6-6799FC1407E3}.Perl-Release|Win32.Build.0 = Perl-Release|Win32
		{46CEA1C0-DA36-4E6A-B9B6-6799FC1407E3}.Release|Win32.ActiveCfg = Release|Win32
		{46CEA1C0-DA36-4E6A-B9B6-6799FC1407E3}.Release|Win32.Build.0 = Release|Win32
		{FCB338D7-962F-4924-9A9A-03C40BCCC93D}.Debug|Win32.ActiveCfg = Debug|Win32
		{FCB338D7-962F-4924-9A9A-03C40BCCC93D}.Debug|Win32.Build.0 = Debug|Win32
		{FCB338D7-962F-4924-9A9A-03C40BCCC93D}.Perl-Debug|Win32.ActiveCfg = Perl-Debug|Win32
		{FCB338D7-962F-4924-9A9A-03C40BCCC93D}.Perl-Debug|Win32.Build.0 = Perl-Debug|Win32
		{FCB338D7-962F-4924-9A9A-03C40BCCC93D}.Perl-Release|Win32.ActiveCfg = Perl-Release|Win32
		{FCB338D7-962F-4924-9A9A-03C40BCCC93D}.Perl-Release|Win32.Build.0 = Perl-Release|Win32
		{FCB338D7-962F-4924-9A9A-03C40BCCC93D}.Release|Win32.ActiveCfg = Release|Win32
		{FCB338D7-962F-4924-9A9A-03C40BCCC93D}.Release|Win32.Build.0 = Release|Win32
		{03D7791F-FBC5-43ED-AAAE-B196013C37C3}.Debug|Win32.ActiveCfg = Debug|Win32
		{03D7791F-FBC5-43ED-AAAE-B196013C37C3}.Debug|Win32.Build.0 = Debug|Win32
		{03D7791F-FBC5-43ED-AAAE-B196013C37C3}.Perl-Debug|Win32.ActiveCfg = Perl-Debug|Win32
		{03D7791F-FBC5-43ED-AAAE-B196013C37C3}.Perl-Debug|Win32.Build.0 = Perl-Debug|Win32
		{03D7791F-FBC5-43ED-AAAE-B196013C37C3}.Perl-Release|Win32.ActiveCfg = Perl-Release|Win32
		{03D7791F-FBC5-43ED-AAAE-B196013C37C3}.Perl-Release|Win32.Build.0 = Perl-Release|Win32
		{03D7791F-FBC5-43ED-AAAE-B196013C37C3}.Release|Win32.ActiveCfg = Release|Win32
		{03D7791F-FBC5-43ED-AAAE-B196013C37C3}.Release|Win32.Build.0 = Release|Win32
		{5E3A1DF8-46AF-485A-BAB2-3DC78C922F8F}.Debug|Win32.ActiveCfg = Debug|Win32
		{5E3A1DF8-46AF-485A-BAB2-3DC78C922F8F}.Debug|Win32.Build.0 = Debug|Win32
		{5E3A1DF8-46AF-485A-BAB2-3DC78C922F8F}.Perl-Debug|Win32.ActiveCfg = Perl-Debug|Win32
		{5E3A1DF8-46AF-485A-BAB2-3DC78C922F8F}.Perl-Debug|Win32.Build.0 = Perl-Debug|Win32
		{5E3A1DF8-46AF-485A-BAB2-3DC78C922F8F}.Perl-Release|Win32.ActiveCfg = Perl-Release|Win32
		{5E3A1DF8-46AF-485A-BAB2-3DC78C922F8F}.Perl-Release|Win32.Build.0 = Perl-Release|Win32
		{5E3A1DF8-46AF-485A-BAB2-3DC78C922F8F}.Release|Win32.ActiveCfg = Release|Win32
		{5E3A1DF8-46AF-485A-BAB2-3DC78C922F8F}.Release|Win32.Build.0 = Release|Win32
		{B14C1233-1DA0-4DBF-9ECB-7B17C934D833}.Debug|Win32.ActiveCfg = Debug|Win32
		{B14C1233-1DA0-4DBF-9ECB-7B17C934D833}.Debug|Win32.Build.0 = Debug|Win32
		{B14C1233-1DA0-4DBF-9ECB-7B17C934D833}.Perl-Debug|Win32.ActiveCfg = Perl-Debug|Win32
		{B14C1233-1DA0-4DBF-9ECB-7B17C934D833}.Perl-Debug|Win32.Build.0 = Perl-Debug|Win32
		{B14C1233-1DA0-4DBF-9ECB-7B17C934D833}.Perl-Release|Win32.ActiveCfg = Perl-Release|Win32
		{B14C1233-1DA0-4DBF-9ECB-7B17C934D833}.Perl-Release|Win32.Build.0 = Perl-Release|Win32
		{B14C1233-1DA0-4DBF-9ECB-7B17C934D833}.Release|Win32.ActiveCfg = Release|Win32
		{B14C1233-1DA0-4DBF-9ECB-7B17C934D833}.Release|Win32.Build.0 = Release|Win32
		{93952A8D-5197-4211-A01A-71392EB50896}.Debug|Win32.ActiveCfg = Debug|Win32
		{93952A8D-5197-4211-A01A-71392EB50896}.Debug|Win32.Build.0 = Debug|Win32
		{93952A8D-5197-4211-A01A-71392EB50896}.Perl-Debug|Win32.ActiveCfg = Perl-Debug|Win32
		{93952A8D-5197-4211-A01A-71392EB50896}.Perl-Debug|Win32.Build.0 = Perl-Debug|Win32
		{93952A8D-5197-4211-A01A-71392EB50896}.Perl-Release|Win32.ActiveCfg = Perl-Release|Win32
		{93952A8D-5197-4211-A01A-71392EB50896}.Perl-Release|Win32.Build.0 = Perl-Release|Win32
		{93952A8D-5197-4211-A01A-71392EB50896}.Release|Win32.ActiveCfg = Release|Win32
		{93952A8D-5197-4211-A01A-71392EB50896}.Release|Win32.Build.0 = Release|Win32
		{F5EFCE67-6E5D-40D7-BA24-CCF512DFBE26}.Debug|Win32.ActiveCfg = Debug|Win32
		{F5EFCE67-6E5D-40D7-BA24-CCF512DFBE26}.Debug|Win32.Build.0 = Debug|Win32
		{F5EFCE67-6E5D-40D7-BA24-CCF512DFBE26}.Perl-Debug|Win32.ActiveCfg = Perl-Debug|Win32
		{F5EFCE67-6E5D-40D7-BA24-CCF512DFBE26}.Perl-Debug|Win32.Build.0 = Perl-Debug|Win32
		{F5EFCE67-6E5D-40D7-BA24-CCF512DFBE26}.Perl-Release|Win32.ActiveCfg = Perl-Release|Win32
		{F5EFCE67-6E5D-40D7-BA24-CCF512DFBE26}.Perl-Release|Win32.Build.0 = Perl-Release|Win32
		{F5EFCE67-6E5D-40D7-BA24-CCF512DFBE26}.Release|Win32.ActiveCfg = Release|Win32
		{F5EFCE67-6E5D-40D7-BA24-CCF512DFBE26}.Release|Win32.Build.0 = Release|Win32
		{C6C48B3A-2641-40AB-8266-9FE84B3F73EE}.Debug|Win32.ActiveCfg = Debug|Win32
		{C6C48B3A-2641-40AB-8266-9FE84B3F73EE}.Debug|Win32.Build.0 = Debug|Win32
		{C6C48B3A-2641-40AB-8266-9FE84B3F73EE}.Perl-Debug|Win32.ActiveCfg = Perl-Debug|Win32
		{C6C48B3A-2641-40AB-8266-9FE84B3F73EE}.Perl-Debug|Win32.Build.0 = Perl-Debug|Win32
		{C6C48B3A-2641-40AB-8266-9FE84B3F73EE}.Perl-Release|Win32.ActiveCfg = Perl-Release|Win32
		{C6C48B3A-2641-40AB-8266-9FE84B3F73EE}.Perl-Release|Win32.Build.0 = Perl-Release|Win32
		{C6C48B3A-2641-40AB-8266-9FE84B3F73EE}.Release|Win32.ActiveCfg = Release|Win32
		{C6C48B3A-2641-40AB-8266-9FE84B3F73EE}.Release|Win32.Build.0 = Release|Win32
		{A0FFDA31-64A0-435E-A122-644B7B5E89E5}.Debug|Win32.ActiveCfg = Debug|Win32
		{A0FFDA31-64A0-435E-A122-644B7B5E89E5}.Debug|Win32.Build.0 = Debug|Win32
		{A0FFDA31-64A0-435E-A122-644B7B5E89E5}.Perl-Debug|Win32.ActiveCfg = Perl-Debug|Win32
		{A0FFDA31-64A0-435E-A122-644B7B5E89E5}.Perl-Debug|Win32.Build.0 = Perl-Debug|Win32
		{A0FFDA31-64A0-435E-A122-644B7B5E89E5}.Perl-Release|Win32.ActiveCfg = Perl-Release|Win32
		{A0FFDA31-64A0-435E-A122-644B7B5E89E5}.Perl-Release|Win32.Build.0 = Perl-Release|Win32
		{A0FFDA31-64A0-435E-A122-644B7B5E89E5}.Release|Win32.ActiveCfg = Release|Win32
		{A0FFDA31-64A0-435E-A122-644B7B5E89E5}.Release|Win32.Build.0 = Release|Win32
		{F8E06228-0FB7-4E71-94A8-1D0B3A4546D8}.Debug|Win32.ActiveCfg = Debug|Win32
		{F8E06228-0FB7-4E71-94A8-1D0B3A4546D8}.Debug|Win32.Build.0 = Debug|Win32
		{F8E06228-0FB7-4E71-94A8-1D0B3A4546D8}.Perl-Debug|Win32.ActiveCfg = Perl-Debug|Win32
		{F8E06228-0FB7-4E71-94A8-1D0B3A4546D8}.Perl-Debug|Win32.Build.0 = Perl-Debug|Win32
		{F8E06228-0FB7-4E71-94A8-1D0B3A4546D8}.Perl-Release|Win32.ActiveCfg = Perl-Release|Win32
		{F8E06228-0FB7-4E71-94A8-1D0B3A4546D8}.Perl-Release|Win32.Build.0 = Perl-Release|Win32
		{F8E06228-0FB7-4E71-94A8-1D0B3A4546D8}.Release|Win32.ActiveCfg = Release|Win32
		{F8E06228-0FB7-4E71-94A8-1D0B3A4546D8}.Release|Win32.Build.0 = Release|Win32
		{B528FE8F-C73A-41D1-AA0E-0461945DD6B2}.Debug|Win32.ActiveCfg = Debug|Win32
		{B528FE8F-C73A-41D1-AA0E-0461945DD6B2}.Debug|Win32.Build.0 = Debug|Win32
		{B528FE8F-C73A-41D1-AA0E-0461945DD6B2}.Perl-Debug|Win32.ActiveCfg = Perl-Debug|Win32
		{B528FE8F-C73A-41D1-AA0E-0461945DD6B2}.Perl-Debug|Win32.Build.0 = Perl-Debug|Win32
		{B528FE8F-C73A-41D1-AA0E-0461945DD6B2}.Perl-Release|Win32.ActiveCfg = Perl-Release|Win32
		{B528FE8F-C73A-41D1-AA0E-0461945DD6B2}.Perl-Release|Win32.Build.0 = Perl-Release|Win32
		{B528FE8F-C73A-41D1-AA0E-0461945DD6B2}.Release|Win32.ActiveCfg = Release|Win32
		{B528FE8F-C73A-41D1-AA0E-0461945DD6B2}.Release|Win32.Build.0 = Release|Win32
		{E346A5D6-4E8E-4E31-B444-A699E2E149A0}.Debug|Win32.ActiveCfg = Debug|Win32
		{E346A5D6-4E8E-4E31-B444-A699E2E149A0}.Debug|Win32.Build.0 = Debug|Win32
		{E346A5D6-4E8E-4E31-B444-A699E2E149A0}.Perl-Debug|Win32.ActiveCfg = Perl-Debug|Win32
		{E346A5D6-4E8E-4E31-B444-A699E2E149A0}.Perl-Debug|Win32.Build.0 = Perl-Debug|Win32
		{E346A5D6-4E8E-4E31-B444-A699E2E149A0}.Perl-Release|Win32.ActiveCfg = Perl-Release|Win32
		{E346A5D6-4E8E-4E31-B444-A699E2E149A0}.Perl-Release|Win32.Build.0 = Perl-Release|Win32
		{E346A5D6-4E8E-4E31-B444-A699E2E149A0}.Release|Win32.ActiveCfg = Release|Win32
		{E346A5D6-4E8E-4E31-B444-A699E2E149A0}.Release|Win32.Build.0 = Release|Win32
		{04F3F501-4AD0-4156-9261-FBEE4D2F45D8}.Debug|Win32.ActiveCfg = Debug|Win32
		{04F3F501-4AD0-4156-9261-FBEE4D2F45D8}.Debug|Win32.Build.0 = Debug|Win32
		{04F3F501-4AD0-4156-9261-FBEE4D2F45D8}.Perl-Debug|Win32.ActiveCfg = Perl-Debug|Win32
		{04F3F501-4AD0-4156-9261-FBEE4D2F45D8}.Perl-Debug|Win32.Build.0 = Perl-Debug|Win32
		{04F3F501-4AD0-4156-9261-FBEE4D2F45D8}.Perl-Release|Win32.ActiveCfg = Perl-Release|Win32
		{04F3F501-4AD0-4156-9261-FBEE4D2F45D8}.Perl-Release|Win32.Build.0 = Perl-Release|Win32
		{04F3F501-4AD0-4156-9261-FBEE4D2F45D8}.Release|Win32.ActiveCfg = Release|Win32
		{04F3F501-4AD0-4156-9261-FBEE4D2F45D8}.Release|Win32.Build.0 = Release|Win32
		{AB05F558-B30F-4F37-8EF2-D335AA29D082}.Debug|Win32.ActiveCfg = Debug|Win32
		{AB05F558-B30F-4F37-8EF2-D335AA29D082}.Debug|Win32.Build.0 = Debug|Win32
		{AB05F558-B30F-4F37-8EF2-D335AA29D082}.Perl-Debug|Win32.ActiveCfg = Perl-Debug|Win32
		{AB05F558-B30F-4F37-8EF2-D335AA29D082}.Perl-Debug|Win32.Build.0 = Perl-Debug|Win32
		{AB05F558-B30F-4F37-8EF2-D335AA29D082}.Perl-Release|Win32.ActiveCfg = Perl-Release|Win32
		{AB05F558-B30F-4F37-8EF2-D335AA29D082}.Perl-Release|Win32.Build.0 = Perl-Release|Win32
		{AB05F558-B30F-4F37-8EF2-D335AA29D082}.Release|Win32.ActiveCfg = Release|Win32
		{AB05F558-B30F-4F37-8EF2-D335AA29D082}.Release|Win32.Build.0 = Release|Win32
		{83B3909C-59BE-401E-92D8-8A358C590E53}.Debug|Win32.ActiveCfg = Debug|Win32
		{83B3909C-59BE-401E-92D8-8A358C590E53}.Debug|Win32.Build.0 = Debug|Win32
		{83B3909C-59BE-401E-92D8-8A358C590E53}.Perl-Debug|Win32.ActiveCfg = Perl-Debug|Win32
		{83B3909C-59BE-401E-92D8-8A358C590E53}.Perl-Debug|Win32.Build.0 = Perl-Debug|Win32
		{83B3909C-59BE-401E-92D8-8A358C590E53}.Perl-Release|Win32.ActiveCfg = Perl-Release|Win32
		{83B3909C-59BE-401E-92D8-8A358C590E53}.Perl-Release|Win32.Build.0 = Perl-Release|Win32
		{83B3909C-59BE-401E-92D8-8A358C590E53}.Release|Win32.ActiveCfg = Release|Win32
		{83B3909C-59BE-401E-92D8-8A358C590E53}.Release|Win32.Build.0 = Release|Win32
		{02AF1A66-8B8D-4BC3-AC09-0C0B339614F3}.Debug|Win32.ActiveCfg = Debug|Win32
		{02AF1A66-8B8D-4BC3-AC09-0C0B339614F3}.Debug|Win32.Build.0 = Debug|Win32
		{02AF1A66-8B8D-4BC3-AC09-0C0B339614F3}.Perl-Debug|Win32.ActiveCfg = Perl-Debug|Win32
		{02AF1A66-8B8D-4BC3-AC09-0C0B339614F3}.Perl-Debug|Win32.Build.0 = Perl-Debug|Win32
		{02AF1A66-8B8D-4BC3-AC09-0C0B339614F3}.Perl-Release|Win32.ActiveCfg = Perl-Release|Win32
		{02AF1A66-8B8D-4BC3-AC09-0C0B339614F3}.Perl-Release|Win32.Build.0 = Perl-Release|Win32
		{02AF1A66-8B8D-4BC3-AC09-0C0B339614F3}.Release|Win32.ActiveCfg = Release|Win32
		{02AF1A66-8B8D-4BC3-AC09-0C0B339614F3}.Release|Win32.Build.0 = Release|Win32
	EndGlobalSection
	GlobalSection(SolutionProperties) = preSolution
		HideSolutionNode = FALSE
	EndGlobalSection
	GlobalSection(NestedProjects) = preSolution
		{F8E06228-0FB7-4E71-94A8-1D0B3A4546D8} = {3F7B09E6-AF66-4309-B523-593A6BF95494}
		{C6C48B3A-2641-40AB-8266-9FE84B3F73EE} = {3F7B09E6-AF66-4309-B523-593A6BF95494}
		{93952A8D-5197-4211-A01A-71392EB50896} = {3F7B09E6-AF66-4309-B523-593A6BF95494}
		{B6701C0A-27E3-468D-8473-FBE671989E33} = {3F7B09E6-AF66-4309-B523-593A6BF95494}
		{E346A5D6-4E8E-4E31-B444-A699E2E149A0} = {3F7B09E6-AF66-4309-B523-593A6BF95494}
		{436501E0-9F10-4573-87C4-CE2FA656E28A} = {3F7B09E6-AF66-4309-B523-593A6BF95494}
		{789E3BB2-CD4A-4A89-BF57-C8D07726D61A} = {3F7B09E6-AF66-4309-B523-593A6BF95494}
		{B528FE8F-C73A-41D1-AA0E-0461945DD6B2} = {3F7B09E6-AF66-4309-B523-593A6BF95494}
		{214BFDAD-71FC-45A5-8304-B60C1BECAF2D} = {3F7B09E6-AF66-4309-B523-593A6BF95494}
		{F9FA22C1-731E-4A3C-8B3B-F1710B835057} = {3F7B09E6-AF66-4309-B523-593A6BF95494}
		{CF1B2180-6E9B-467A-A83D-AB63928E8FD8} = {3F7B09E6-AF66-4309-B523-593A6BF95494}
		{9F1E9324-F4BF-4F1F-B726-387CDE392E7B} = {3F7B09E6-AF66-4309-B523-593A6BF95494}
		{F5EFCE67-6E5D-40D7-BA24-CCF512DFBE26} = {3F7B09E6-AF66-4309-B523-593A6BF95494}
		{E033ECCE-E55E-43BC-89E7-ABE8AA46CE1F} = {D6959A3F-527C-4D57-9B22-4F9827DD72DD}
		{04F3F501-4AD0-4156-9261-FBEE4D2F45D8} = {D6959A3F-527C-4D57-9B22-4F9827DD72DD}
		{FE700C44-B03E-4C62-B2BA-0F3392AD6A46} = {D6959A3F-527C-4D57-9B22-4F9827DD72DD}
		{7EA316E9-629A-47BC-8BE8-EA7167FEE441} = {D6959A3F-527C-4D57-9B22-4F9827DD72DD}
		{4150DD6A-504E-40BB-830C-DE9D03BC9D6B} = {D6959A3F-527C-4D57-9B22-4F9827DD72DD}
		{83B3909C-59BE-401E-92D8-8A358C590E53} = {D6959A3F-527C-4D57-9B22-4F9827DD72DD}
		{B14C1233-1DA0-4DBF-9ECB-7B17C934D833} = {D6959A3F-527C-4D57-9B22-4F9827DD72DD}
		{5E3A1DF8-46AF-485A-BAB2-3DC78C922F8F} = {D6959A3F-527C-4D57-9B22-4F9827DD72DD}
		{AB05F558-B30F-4F37-8EF2-D335AA29D082} = {D6959A3F-527C-4D57-9B22-4F9827DD72DD}
		{46CEA1C0-DA36-4E6A-B9B6-6799FC1407E3} = {D6959A3F-527C-4D57-9B22-4F9827DD72DD}
		{FCB338D7-962F-4924-9A9A-03C40BCCC93D} = {D6959A3F-527C-4D57-9B22-4F9827DD72DD}
		{03D7791F-FBC5-43ED-AAAE-B196013C37C3} = {D6959A3F-527C-4D57-9B22-4F9827DD72DD}
		{A0FFDA31-64A0-435E-A122-644B7B5E89E5} = {F258FB36-4162-456B-89F0-46A44FF24452}
	EndGlobalSection
EndGlobal
